<?xml version="1.0" encoding="utf-8"?>
<Project ToolsVersion="4.0" xmlns="http://schemas.microsoft.com/developer/msbuild/2003">
  <ItemGroup>
    <Filter Include="Common">
      <UniqueIdentifier>{7de60732-5983-4e4a-9ef1-a7bdc8247a7b}</UniqueIdentifier>
    </Filter>
    <Filter Include="Common\Include">
      <UniqueIdentifier>{ecaa780f-6442-4bf3-b9ce-b27dda6e1324}</UniqueIdentifier>
    </Filter>
    <Filter Include="EventCenter">
      <UniqueIdentifier>{e0de8d66-0c3a-42d9-a729-2431dac887c6}</UniqueIdentifier>
    </Filter>
    <Filter Include="InputCenter">
      <UniqueIdentifier>{5be658fe-3b1a-47b3-b67b-4eafb8707365}</UniqueIdentifier>
    </Filter>
    <Filter Include="TimeCenter">
      <UniqueIdentifier>{48e33f73-ab40-4bed-b08a-5a22a5f69522}</UniqueIdentifier>
    </Filter>
    <Filter Include="TimerCenter">
      <UniqueIdentifier>{a6879b64-a3af-42a2-bea7-38b06dce9847}</UniqueIdentifier>
    </Filter>
    <Filter Include="ViewCenter">
      <UniqueIdentifier>{099e9f80-de26-4e34-a6b3-8f434e01a882}</UniqueIdentifier>
    </Filter>
    <Filter Include="ViewCenter\ViewObject">
      <UniqueIdentifier>{7e8a35ba-e0b3-4069-96c6-56d9dc22e45e}</UniqueIdentifier>
    </Filter>
    <Filter Include="ViewCenter\ViewObject\GameViewItem">
      <UniqueIdentifier>{c7448209-f1ac-4dd0-9b38-192ced6faaf2}</UniqueIdentifier>
    </Filter>
    <Filter Include="ResourcesCenter">
      <UniqueIdentifier>{dff4d0c5-66be-4e6b-8403-ca379193891d}</UniqueIdentifier>
    </Filter>
    <Filter Include="ResourcesCenter\Data">
      <UniqueIdentifier>{730e8c2a-a986-46ca-b70d-a393df30c903}</UniqueIdentifier>
    </Filter>
  </ItemGroup>
  <ItemGroup>
    <ClCompile Include="Source\Common\CommonCode.cpp">
      <Filter>Common</Filter>
    </ClCompile>
    <ClCompile Include="Source\EventCenter\GameEventDef.cpp">
      <Filter>EventCenter</Filter>
    </ClCompile>
    <ClCompile Include="Source\EventCenter\GameEventMgr.cpp">
      <Filter>EventCenter</Filter>
    </ClCompile>
    <ClCompile Include="Source\EventCenter\WndProcEventMgr.cpp">
      <Filter>EventCenter</Filter>
    </ClCompile>
    <ClCompile Include="Source\ViewCenter\ViewObjectMgr.cpp">
      <Filter>ViewCenter</Filter>
    </ClCompile>
    <ClCompile Include="Source\ViewCenter\ViewObject\GameViewObject.cpp">
      <Filter>ViewCenter\ViewObject</Filter>
    </ClCompile>
    <ClCompile Include="Source\TimerCenter\Timer.cpp">
      <Filter>TimerCenter</Filter>
    </ClCompile>
    <ClCompile Include="Source\TimeCenter\Time.cpp">
      <Filter>TimeCenter</Filter>
    </ClCompile>
    <ClCompile Include="Source\ViewCenter\ViewObject\CoordinateAxisViewItem.cpp">
      <Filter>ViewCenter\ViewObject\GameViewItem</Filter>
    </ClCompile>
    <ClCompile Include="Source\ViewCenter\ViewObject\PrismaticViewItem.cpp">
      <Filter>ViewCenter\ViewObject\GameViewItem</Filter>
    </ClCompile>
    <ClCompile Include="Source\InputCenter\InputDeviceMgr.cpp">
      <Filter>InputCenter</Filter>
    </ClCompile>
    <ClCompile Include="Source\EventCenter\InputEventMgr.cpp">
      <Filter>EventCenter</Filter>
    </ClCompile>
    <ClCompile Include="Source\ViewCenter\ViewObject\LightMaterialAndNormalViewItem.cpp">
      <Filter>ViewCenter\ViewObject\GameViewItem</Filter>
    </ClCompile>
    <ClCompile Include="Source\ViewCenter\ViewObject\TextureViewItem.cpp">
      <Filter>ViewCenter\ViewObject\GameViewItem</Filter>
    </ClCompile>
    <ClCompile Include="Source\main.cpp" />
    <ClCompile Include="Source\program.cpp" />
  </ItemGroup>
  <ItemGroup>
    <ClInclude Include="Source\Common\CommonCode.h">
      <Filter>Common</Filter>
    </ClInclude>
    <ClInclude Include="Source\EventCenter\GameEventMgr.h">
      <Filter>EventCenter</Filter>
    </ClInclude>
    <ClInclude Include="Source\EventCenter\WndProcEventMgr.h">
      <Filter>EventCenter</Filter>
    </ClInclude>
    <ClInclude Include="Source\ViewCenter\ViewObjectMgr.h">
      <Filter>ViewCenter</Filter>
    </ClInclude>
    <ClInclude Include="Source\ViewCenter\ViewObject\GameViewObject.h">
      <Filter>ViewCenter\ViewObject</Filter>
    </ClInclude>
    <ClInclude Include="Source\TimerCenter\Timer.h">
      <Filter>TimerCenter</Filter>
    </ClInclude>
    <ClInclude Include="Source\TimeCenter\Time.h">
      <Filter>TimeCenter</Filter>
    </ClInclude>
    <ClInclude Include="Source\ViewCenter\ViewObject\CoordinateAxisViewItem.h">
      <Filter>ViewCenter\ViewObject\GameViewItem</Filter>
    </ClInclude>
    <ClInclude Include="Source\ViewCenter\ViewObject\PrismaticViewItem.h">
      <Filter>ViewCenter\ViewObject\GameViewItem</Filter>
    </ClInclude>
    <ClInclude Include="Source\InputCenter\InputDeviceMgr.h">
      <Filter>InputCenter</Filter>
    </ClInclude>
    <ClInclude Include="Source\EventCenter\InputEventMgr.h">
      <Filter>EventCenter</Filter>
    </ClInclude>
    <ClInclude Include="Source\Common\Include\r_dinput.h">
      <Filter>Common\Include</Filter>
    </ClInclude>
    <ClInclude Include="Source\Common\Include\r_resource.h">
      <Filter>Common\Include</Filter>
    </ClInclude>
    <ClInclude Include="Source\ViewCenter\ViewObject\LightMaterialAndNormalViewItem.h">
      <Filter>ViewCenter\ViewObject\GameViewItem</Filter>
    </ClInclude>
    <ClInclude Include="Source\ViewCenter\ViewObject\TextureViewItem.h">
      <Filter>ViewCenter\ViewObject\GameViewItem</Filter>
    </ClInclude>
    <ClInclude Include="Source\program.h" />
    <ClInclude Include="Source\ResourcesCenter\resource.h">
      <Filter>ResourcesCenter</Filter>
    </ClInclude>
    <ClInclude Include="Source\Common\CommonColor.h">
      <Filter>Common</Filter>
    </ClInclude>
  </ItemGroup>
  <ItemGroup>
    <ResourceCompile Include="Source\ResourcesCenter\DirectX-Project.rc">
      <Filter>ResourcesCenter</Filter>
    </ResourceCompile>
  </ItemGroup>
  <ItemGroup>
    <Image Include="Source\ResourcesCenter\Data\program_title.ico">
      <Filter>ResourcesCenter\Data</Filter>
    </Image>
  </ItemGroup>
</Project>